
Microsoft Visual Studio Solution File, Format Version 12.00
# Visual Studio 15
VisualStudioVersion = 15.0.28307.168
MinimumVisualStudioVersion = 10.0.40219.1
Project("{9A19103F-16F7-4668-BE54-9A1E7A4F7556}") = "AzureDevSpaces.Sample.Server", "AzureDevSpaces.Sample.Server\AzureDevSpaces.Sample.Server.csproj", "{0100748E-7D53-44EE-8CEC-6106806A8475}"
EndProject
Project("{9A19103F-16F7-4668-BE54-9A1E7A4F7556}") = "AzureDevSpaces.Sample.Client", "AzureDevSpaces.Sample.Client\AzureDevSpaces.Sample.Client.csproj", "{C91713A3-D4C5-4A87-A877-C6E792B6736B}"
EndProject
Project("{9A19103F-16F7-4668-BE54-9A1E7A4F7556}") = "AzureDevSpaces.Sample.Shared", "AzureDevSpaces.Sample.Shared\AzureDevSpaces.Sample.Shared.csproj", "{706AD795-F9C7-4C24-A3EC-C3D9E2AC4AB4}"
EndProject
Global
	GlobalSection(SolutionConfigurationPlatforms) = preSolution
		Debug|Any CPU = Debug|Any CPU
		Release|Any CPU = Release|Any CPU
	EndGlobalSection
	GlobalSection(ProjectConfigurationPlatforms) = postSolution
		{0100748E-7D53-44EE-8CEC-6106806A8475}.Debug|Any CPU.ActiveCfg = Debug|Any CPU
		{0100748E-7D53-44EE-8CEC-6106806A8475}.Debug|Any CPU.Build.0 = Debug|Any CPU
		{0100748E-7D53-44EE-8CEC-6106806A8475}.Release|Any CPU.ActiveCfg = Release|Any CPU
		{0100748E-7D53-44EE-8CEC-6106806A8475}.Release|Any CPU.Build.0 = Release|Any CPU
		{C91713A3-D4C5-4A87-A877-C6E792B6736B}.Debug|Any CPU.ActiveCfg = Debug|Any CPU
		{C91713A3-D4C5-4A87-A877-C6E792B6736B}.Debug|Any CPU.Build.0 = Debug|Any CPU
		{C91713A3-D4C5-4A87-A877-C6E792B6736B}.Release|Any CPU.ActiveCfg = Release|Any CPU
		{C91713A3-D4C5-4A87-A877-C6E792B6736B}.Release|Any CPU.Build.0 = Release|Any CPU
		{706AD795-F9C7-4C24-A3EC-C3D9E2AC4AB4}.Debug|Any CPU.ActiveCfg = Debug|Any CPU
		{706AD795-F9C7-4C24-A3EC-C3D9E2AC4AB4}.Debug|Any CPU.Build.0 = Debug|Any CPU
		{706AD795-F9C7-4C24-A3EC-C3D9E2AC4AB4}.Release|Any CPU.ActiveCfg = Release|Any CPU
		{706AD795-F9C7-4C24-A3EC-C3D9E2AC4AB4}.Release|Any CPU.Build.0 = Release|Any CPU
	EndGlobalSection
	GlobalSection(SolutionProperties) = preSolution
		HideSolutionNode = FALSE
	EndGlobalSection
	GlobalSection(ExtensibilityGlobals) = postSolution
		SolutionGuid = {46CFE186-782A-45CD-91D8-99DD481E7445}
	EndGlobalSection
EndGlobal
